// !$*UTF8*$!
{
	archiveVersion = 1;
	classes = {
	};
	objectVersion = 50;
	objects = {

/* Begin PBXBuildFile section */
		150A6B982207CFCA00001355 /* KeyboardBoundView.swift in Sources */ = {isa = PBXBuildFile; fileRef = 150A6B972207CFCA00001355 /* KeyboardBoundView.swift */; };
		150EF1B121ED9E990033D4F3 /* AppDelegate.swift in Sources */ = {isa = PBXBuildFile; fileRef = 150EF1B021ED9E990033D4F3 /* AppDelegate.swift */; };
		150EF1B621ED9E990033D4F3 /* Main.storyboard in Resources */ = {isa = PBXBuildFile; fileRef = 150EF1B421ED9E990033D4F3 /* Main.storyboard */; };
		150EF1B821ED9E990033D4F3 /* Assets.xcassets in Resources */ = {isa = PBXBuildFile; fileRef = 150EF1B721ED9E990033D4F3 /* Assets.xcassets */; };
		150EF1C521EDA23F0033D4F3 /* SWRevealViewController.m in Sources */ = {isa = PBXBuildFile; fileRef = 150EF1C421EDA23F0033D4F3 /* SWRevealViewController.m */; };
		150EF1C821EDA35E0033D4F3 /* LaunchScreen.storyboard in Resources */ = {isa = PBXBuildFile; fileRef = 150EF1B921ED9E990033D4F3 /* LaunchScreen.storyboard */; };
		150EF1CD21EDA6F60033D4F3 /* ChatVC.swift in Sources */ = {isa = PBXBuildFile; fileRef = 150EF1CC21EDA6F60033D4F3 /* ChatVC.swift */; };
		150EF1CF21EDA70A0033D4F3 /* ChannelVC.swift in Sources */ = {isa = PBXBuildFile; fileRef = 150EF1CE21EDA70A0033D4F3 /* ChannelVC.swift */; };
		151BA4CF21EE3940007CB350 /* GradientView.swift in Sources */ = {isa = PBXBuildFile; fileRef = 151BA4CE21EE3940007CB350 /* GradientView.swift */; };
		151BA4D221EE6F0C007CB350 /* Constants.swift in Sources */ = {isa = PBXBuildFile; fileRef = 151BA4D121EE6F0C007CB350 /* Constants.swift */; };
		151BA4D421EE77BC007CB350 /* LoginVC.swift in Sources */ = {isa = PBXBuildFile; fileRef = 151BA4D321EE77BC007CB350 /* LoginVC.swift */; };
		151BA4D621EE80E9007CB350 /* CreateAccountVC.swift in Sources */ = {isa = PBXBuildFile; fileRef = 151BA4D521EE80E9007CB350 /* CreateAccountVC.swift */; };
		151BA4DA21EE9A5B007CB350 /* AuthService.swift in Sources */ = {isa = PBXBuildFile; fileRef = 151BA4D921EE9A5B007CB350 /* AuthService.swift */; };
		151BA4DC21EEA49F007CB350 /* RoundedButton.swift in Sources */ = {isa = PBXBuildFile; fileRef = 151BA4DB21EEA49F007CB350 /* RoundedButton.swift */; };
		1529E944220A6E3E001215A6 /* MessageCell.swift in Sources */ = {isa = PBXBuildFile; fileRef = 1529E943220A6E3E001215A6 /* MessageCell.swift */; };
		1555B34F21F62A4F00F0636F /* AddChannelVC.swift in Sources */ = {isa = PBXBuildFile; fileRef = 1555B34D21F62A4F00F0636F /* AddChannelVC.swift */; };
		1555B35021F62A4F00F0636F /* AddChannelVC.xib in Resources */ = {isa = PBXBuildFile; fileRef = 1555B34E21F62A4F00F0636F /* AddChannelVC.xib */; };
		1555B35221F64A0900F0636F /* SocketService.swift in Sources */ = {isa = PBXBuildFile; fileRef = 1555B35121F64A0900F0636F /* SocketService.swift */; };
		156A8F112202720F00181E30 /* Message.swift in Sources */ = {isa = PBXBuildFile; fileRef = 156A8F102202720F00181E30 /* Message.swift */; };
		157CCF7E21F4D5330052FA54 /* ProfileVC.swift in Sources */ = {isa = PBXBuildFile; fileRef = 157CCF7C21F4D5330052FA54 /* ProfileVC.swift */; };
		157CCF7F21F4D5330052FA54 /* ProfileVC.xib in Resources */ = {isa = PBXBuildFile; fileRef = 157CCF7D21F4D5330052FA54 /* ProfileVC.xib */; };
		157CCF8221F534600052FA54 /* MessageService.swift in Sources */ = {isa = PBXBuildFile; fileRef = 157CCF8121F534600052FA54 /* MessageService.swift */; };
		157CCF8421F534C00052FA54 /* Channel.swift in Sources */ = {isa = PBXBuildFile; fileRef = 157CCF8321F534C00052FA54 /* Channel.swift */; };
		157CCF8621F5428B0052FA54 /* ChannelCell.swift in Sources */ = {isa = PBXBuildFile; fileRef = 157CCF8521F5428B0052FA54 /* ChannelCell.swift */; };
		15AF875021EEDDDD00524501 /* UserDataService.swift in Sources */ = {isa = PBXBuildFile; fileRef = 15AF874F21EEDDDD00524501 /* UserDataService.swift */; };
		15AF875221EEF40D00524501 /* AvatarPickerVC.swift in Sources */ = {isa = PBXBuildFile; fileRef = 15AF875121EEF40D00524501 /* AvatarPickerVC.swift */; };
		15AF875421EEF87600524501 /* AvatarCell.swift in Sources */ = {isa = PBXBuildFile; fileRef = 15AF875321EEF87600524501 /* AvatarCell.swift */; };
		15BDF53E21F16F7E004F47FE /* CircleImage.swift in Sources */ = {isa = PBXBuildFile; fileRef = 15BDF53D21F16F7E004F47FE /* CircleImage.swift */; };
		5F8B6F1CFEB3E025E2F820DB /* Pods_Smack.framework in Frameworks */ = {isa = PBXBuildFile; fileRef = 8811EC246D2D6D574DD11B5A /* Pods_Smack.framework */; };
/* End PBXBuildFile section */

/* Begin PBXFileReference section */
		150A6B972207CFCA00001355 /* KeyboardBoundView.swift */ = {isa = PBXFileReference; fileEncoding = 4; lastKnownFileType = sourcecode.swift; path = KeyboardBoundView.swift; sourceTree = "<group>"; };
		150EF1AD21ED9E990033D4F3 /* Smack.app */ = {isa = PBXFileReference; explicitFileType = wrapper.application; includeInIndex = 0; path = Smack.app; sourceTree = BUILT_PRODUCTS_DIR; };
		150EF1B021ED9E990033D4F3 /* AppDelegate.swift */ = {isa = PBXFileReference; lastKnownFileType = sourcecode.swift; path = AppDelegate.swift; sourceTree = "<group>"; };
		150EF1B521ED9E990033D4F3 /* Base */ = {isa = PBXFileReference; lastKnownFileType = file.storyboard; name = Base; path = Base.lproj/Main.storyboard; sourceTree = "<group>"; };
		150EF1B721ED9E990033D4F3 /* Assets.xcassets */ = {isa = PBXFileReference; lastKnownFileType = folder.assetcatalog; path = Assets.xcassets; sourceTree = "<group>"; };
		150EF1BA21ED9E990033D4F3 /* Base */ = {isa = PBXFileReference; lastKnownFileType = file.storyboard; name = Base; path = Base.lproj/LaunchScreen.storyboard; sourceTree = "<group>"; };
		150EF1BC21ED9E990033D4F3 /* Info.plist */ = {isa = PBXFileReference; lastKnownFileType = text.plist.xml; path = Info.plist; sourceTree = "<group>"; };
		150EF1C221EDA23E0033D4F3 /* Smack-Bridging-Header.h */ = {isa = PBXFileReference; lastKnownFileType = sourcecode.c.h; path = "Smack-Bridging-Header.h"; sourceTree = "<group>"; };
		150EF1C321EDA23F0033D4F3 /* SWRevealViewController.h */ = {isa = PBXFileReference; fileEncoding = 4; lastKnownFileType = sourcecode.c.h; path = SWRevealViewController.h; sourceTree = "<group>"; };
		150EF1C421EDA23F0033D4F3 /* SWRevealViewController.m */ = {isa = PBXFileReference; fileEncoding = 4; lastKnownFileType = sourcecode.c.objc; path = SWRevealViewController.m; sourceTree = "<group>"; };
		150EF1CC21EDA6F60033D4F3 /* ChatVC.swift */ = {isa = PBXFileReference; lastKnownFileType = sourcecode.swift; path = ChatVC.swift; sourceTree = "<group>"; };
		150EF1CE21EDA70A0033D4F3 /* ChannelVC.swift */ = {isa = PBXFileReference; lastKnownFileType = sourcecode.swift; path = ChannelVC.swift; sourceTree = "<group>"; };
		151BA4CE21EE3940007CB350 /* GradientView.swift */ = {isa = PBXFileReference; lastKnownFileType = sourcecode.swift; path = GradientView.swift; sourceTree = "<group>"; };
		151BA4D121EE6F0C007CB350 /* Constants.swift */ = {isa = PBXFileReference; lastKnownFileType = sourcecode.swift; path = Constants.swift; sourceTree = "<group>"; };
		151BA4D321EE77BC007CB350 /* LoginVC.swift */ = {isa = PBXFileReference; lastKnownFileType = sourcecode.swift; path = LoginVC.swift; sourceTree = "<group>"; };
		151BA4D521EE80E9007CB350 /* CreateAccountVC.swift */ = {isa = PBXFileReference; lastKnownFileType = sourcecode.swift; path = CreateAccountVC.swift; sourceTree = "<group>"; };
		151BA4D921EE9A5B007CB350 /* AuthService.swift */ = {isa = PBXFileReference; lastKnownFileType = sourcecode.swift; path = AuthService.swift; sourceTree = "<group>"; };
		151BA4DB21EEA49F007CB350 /* RoundedButton.swift */ = {isa = PBXFileReference; lastKnownFileType = sourcecode.swift; path = RoundedButton.swift; sourceTree = "<group>"; };
		1529E943220A6E3E001215A6 /* MessageCell.swift */ = {isa = PBXFileReference; lastKnownFileType = sourcecode.swift; path = MessageCell.swift; sourceTree = "<group>"; };
		1555B34D21F62A4F00F0636F /* AddChannelVC.swift */ = {isa = PBXFileReference; lastKnownFileType = sourcecode.swift; path = AddChannelVC.swift; sourceTree = "<group>"; };
		1555B34E21F62A4F00F0636F /* AddChannelVC.xib */ = {isa = PBXFileReference; lastKnownFileType = file.xib; path = AddChannelVC.xib; sourceTree = "<group>"; };
		1555B35121F64A0900F0636F /* SocketService.swift */ = {isa = PBXFileReference; lastKnownFileType = sourcecode.swift; path = SocketService.swift; sourceTree = "<group>"; };
		156A8F102202720F00181E30 /* Message.swift */ = {isa = PBXFileReference; lastKnownFileType = sourcecode.swift; path = Message.swift; sourceTree = "<group>"; };
		157CCF7C21F4D5330052FA54 /* ProfileVC.swift */ = {isa = PBXFileReference; lastKnownFileType = sourcecode.swift; path = ProfileVC.swift; sourceTree = "<group>"; };
		157CCF7D21F4D5330052FA54 /* ProfileVC.xib */ = {isa = PBXFileReference; lastKnownFileType = file.xib; path = ProfileVC.xib; sourceTree = "<group>"; };
		157CCF8121F534600052FA54 /* MessageService.swift */ = {isa = PBXFileReference; lastKnownFileType = sourcecode.swift; path = MessageService.swift; sourceTree = "<group>"; };
		157CCF8321F534C00052FA54 /* Channel.swift */ = {isa = PBXFileReference; lastKnownFileType = sourcecode.swift; path = Channel.swift; sourceTree = "<group>"; };
		157CCF8521F5428B0052FA54 /* ChannelCell.swift */ = {isa = PBXFileReference; lastKnownFileType = sourcecode.swift; path = ChannelCell.swift; sourceTree = "<group>"; };
		15AF874F21EEDDDD00524501 /* UserDataService.swift */ = {isa = PBXFileReference; lastKnownFileType = sourcecode.swift; path = UserDataService.swift; sourceTree = "<group>"; };
		15AF875121EEF40D00524501 /* AvatarPickerVC.swift */ = {isa = PBXFileReference; lastKnownFileType = sourcecode.swift; path = AvatarPickerVC.swift; sourceTree = "<group>"; };
		15AF875321EEF87600524501 /* AvatarCell.swift */ = {isa = PBXFileReference; lastKnownFileType = sourcecode.swift; path = AvatarCell.swift; sourceTree = "<group>"; };
		15BDF53D21F16F7E004F47FE /* CircleImage.swift */ = {isa = PBXFileReference; lastKnownFileType = sourcecode.swift; path = CircleImage.swift; sourceTree = "<group>"; };
		8811EC246D2D6D574DD11B5A /* Pods_Smack.framework */ = {isa = PBXFileReference; explicitFileType = wrapper.framework; includeInIndex = 0; path = Pods_Smack.framework; sourceTree = BUILT_PRODUCTS_DIR; };
		C5605B3FA306F89CFF7FC872 /* Pods-Smack.release.xcconfig */ = {isa = PBXFileReference; includeInIndex = 1; lastKnownFileType = text.xcconfig; name = "Pods-Smack.release.xcconfig"; path = "Pods/Target Support Files/Pods-Smack/Pods-Smack.release.xcconfig"; sourceTree = "<group>"; };
		F0A7B7D14BB45B3EC8BAAA6B /* Pods-Smack.debug.xcconfig */ = {isa = PBXFileReference; includeInIndex = 1; lastKnownFileType = text.xcconfig; name = "Pods-Smack.debug.xcconfig"; path = "Pods/Target Support Files/Pods-Smack/Pods-Smack.debug.xcconfig"; sourceTree = "<group>"; };
/* End PBXFileReference section */

/* Begin PBXFrameworksBuildPhase section */
		150EF1AA21ED9E990033D4F3 /* Frameworks */ = {
			isa = PBXFrameworksBuildPhase;
			buildActionMask = 2147483647;
			files = (
				5F8B6F1CFEB3E025E2F820DB /* Pods_Smack.framework in Frameworks */,
			);
			runOnlyForDeploymentPostprocessing = 0;
		};
/* End PBXFrameworksBuildPhase section */

/* Begin PBXGroup section */
		150EF1A421ED9E990033D4F3 = {
			isa = PBXGroup;
			children = (
				150EF1AF21ED9E990033D4F3 /* Smack */,
				150EF1AE21ED9E990033D4F3 /* Products */,
				AC9BE5A0E6247AD62BE5F11E /* Pods */,
				8E94D21CFA49F9B491513ECA /* Frameworks */,
			);
			sourceTree = "<group>";
		};
		150EF1AE21ED9E990033D4F3 /* Products */ = {
			isa = PBXGroup;
			children = (
				150EF1AD21ED9E990033D4F3 /* Smack.app */,
			);
			name = Products;
			sourceTree = "<group>";
		};
		150EF1AF21ED9E990033D4F3 /* Smack */ = {
			isa = PBXGroup;
			children = (
				157CCF8021F4D53A0052FA54 /* XIBs */,
				151BA4D821EE9A34007CB350 /* Services */,
				151BA4D021EE6EF2007CB350 /* Utilities */,
				150EF1CB21EDA6C80033D4F3 /* Model */,
				150EF1CA21EDA6C20033D4F3 /* View */,
				150EF1C921EDA6B40033D4F3 /* Controller */,
				150EF1C621EDA2460033D4F3 /* SupportingFiles */,
				150EF1B021ED9E990033D4F3 /* AppDelegate.swift */,
				150EF1B421ED9E990033D4F3 /* Main.storyboard */,
				150EF1C221EDA23E0033D4F3 /* Smack-Bridging-Header.h */,
				150EF1B721ED9E990033D4F3 /* Assets.xcassets */,
				150EF1B921ED9E990033D4F3 /* LaunchScreen.storyboard */,
				150EF1BC21ED9E990033D4F3 /* Info.plist */,
			);
			path = Smack;
			sourceTree = "<group>";
		};
		150EF1C621EDA2460033D4F3 /* SupportingFiles */ = {
			isa = PBXGroup;
			children = (
				150EF1C321EDA23F0033D4F3 /* SWRevealViewController.h */,
				150EF1C421EDA23F0033D4F3 /* SWRevealViewController.m */,
			);
			path = SupportingFiles;
			sourceTree = "<group>";
		};
		150EF1C921EDA6B40033D4F3 /* Controller */ = {
			isa = PBXGroup;
			children = (
				150EF1CC21EDA6F60033D4F3 /* ChatVC.swift */,
				150EF1CE21EDA70A0033D4F3 /* ChannelVC.swift */,
				151BA4D321EE77BC007CB350 /* LoginVC.swift */,
				151BA4D521EE80E9007CB350 /* CreateAccountVC.swift */,
				15AF875121EEF40D00524501 /* AvatarPickerVC.swift */,
				157CCF7C21F4D5330052FA54 /* ProfileVC.swift */,
				1555B34D21F62A4F00F0636F /* AddChannelVC.swift */,
			);
			path = Controller;
			sourceTree = "<group>";
		};
		150EF1CA21EDA6C20033D4F3 /* View */ = {
			isa = PBXGroup;
			children = (
				150A6B972207CFCA00001355 /* KeyboardBoundView.swift */,
				151BA4CE21EE3940007CB350 /* GradientView.swift */,
				151BA4DB21EEA49F007CB350 /* RoundedButton.swift */,
				15AF875321EEF87600524501 /* AvatarCell.swift */,
				15BDF53D21F16F7E004F47FE /* CircleImage.swift */,
				157CCF8521F5428B0052FA54 /* ChannelCell.swift */,
				1529E943220A6E3E001215A6 /* MessageCell.swift */,
			);
			path = View;
			sourceTree = "<group>";
		};
		150EF1CB21EDA6C80033D4F3 /* Model */ = {
			isa = PBXGroup;
			children = (
				157CCF8321F534C00052FA54 /* Channel.swift */,
				156A8F102202720F00181E30 /* Message.swift */,
			);
			path = Model;
			sourceTree = "<group>";
		};
		151BA4D021EE6EF2007CB350 /* Utilities */ = {
			isa = PBXGroup;
			children = (
				151BA4D121EE6F0C007CB350 /* Constants.swift */,
			);
			path = Utilities;
			sourceTree = "<group>";
		};
		151BA4D821EE9A34007CB350 /* Services */ = {
			isa = PBXGroup;
			children = (
				151BA4D921EE9A5B007CB350 /* AuthService.swift */,
				15AF874F21EEDDDD00524501 /* UserDataService.swift */,
				157CCF8121F534600052FA54 /* MessageService.swift */,
				1555B35121F64A0900F0636F /* SocketService.swift */,
			);
			path = Services;
			sourceTree = "<group>";
		};
		157CCF8021F4D53A0052FA54 /* XIBs */ = {
			isa = PBXGroup;
			children = (
				157CCF7D21F4D5330052FA54 /* ProfileVC.xib */,
				1555B34E21F62A4F00F0636F /* AddChannelVC.xib */,
			);
			path = XIBs;
			sourceTree = "<group>";
		};
		8E94D21CFA49F9B491513ECA /* Frameworks */ = {
			isa = PBXGroup;
			children = (
				8811EC246D2D6D574DD11B5A /* Pods_Smack.framework */,
			);
			name = Frameworks;
			sourceTree = "<group>";
		};
		AC9BE5A0E6247AD62BE5F11E /* Pods */ = {
			isa = PBXGroup;
			children = (
				F0A7B7D14BB45B3EC8BAAA6B /* Pods-Smack.debug.xcconfig */,
				C5605B3FA306F89CFF7FC872 /* Pods-Smack.release.xcconfig */,
			);
			name = Pods;
			sourceTree = "<group>";
		};
/* End PBXGroup section */

/* Begin PBXNativeTarget section */
		150EF1AC21ED9E990033D4F3 /* Smack */ = {
			isa = PBXNativeTarget;
			buildConfigurationList = 150EF1BF21ED9E990033D4F3 /* Build configuration list for PBXNativeTarget "Smack" */;
			buildPhases = (
				7DFD5554653F03A67170300F /* [CP] Check Pods Manifest.lock */,
				150EF1A921ED9E990033D4F3 /* Sources */,
				150EF1AA21ED9E990033D4F3 /* Frameworks */,
				150EF1AB21ED9E990033D4F3 /* Resources */,
				157AF6FC47DDE3A3439FAC40 /* [CP] Embed Pods Frameworks */,
			);
			buildRules = (
			);
			dependencies = (
			);
			name = Smack;
			productName = Smack;
			productReference = 150EF1AD21ED9E990033D4F3 /* Smack.app */;
			productType = "com.apple.product-type.application";
		};
/* End PBXNativeTarget section */

/* Begin PBXProject section */
		150EF1A521ED9E990033D4F3 /* Project object */ = {
			isa = PBXProject;
			attributes = {
				LastSwiftUpdateCheck = 1010;
				LastUpgradeCheck = 1010;
				ORGANIZATIONNAME = "Sean Veal";
				TargetAttributes = {
					150EF1AC21ED9E990033D4F3 = {
						CreatedOnToolsVersion = 10.1;
						LastSwiftMigration = 1010;
					};
				};
			};
			buildConfigurationList = 150EF1A821ED9E990033D4F3 /* Build configuration list for PBXProject "Smack" */;
			compatibilityVersion = "Xcode 9.3";
			developmentRegion = en;
			hasScannedForEncodings = 0;
			knownRegions = (
				en,
				Base,
			);
			mainGroup = 150EF1A421ED9E990033D4F3;
			productRefGroup = 150EF1AE21ED9E990033D4F3 /* Products */;
			projectDirPath = "";
			projectRoot = "";
			targets = (
				150EF1AC21ED9E990033D4F3 /* Smack */,
			);
		};
/* End PBXProject section */

/* Begin PBXResourcesBuildPhase section */
		150EF1AB21ED9E990033D4F3 /* Resources */ = {
			isa = PBXResourcesBuildPhase;
			buildActionMask = 2147483647;
			files = (
				1555B35021F62A4F00F0636F /* AddChannelVC.xib in Resources */,
				157CCF7F21F4D5330052FA54 /* ProfileVC.xib in Resources */,
				150EF1C821EDA35E0033D4F3 /* LaunchScreen.storyboard in Resources */,
				150EF1B821ED9E990033D4F3 /* Assets.xcassets in Resources */,
				150EF1B621ED9E990033D4F3 /* Main.storyboard in Resources */,
			);
			runOnlyForDeploymentPostprocessing = 0;
		};
/* End PBXResourcesBuildPhase section */

/* Begin PBXShellScriptBuildPhase section */
		157AF6FC47DDE3A3439FAC40 /* [CP] Embed Pods Frameworks */ = {
			isa = PBXShellScriptBuildPhase;
			buildActionMask = 2147483647;
			files = (
			);
			inputPaths = (
				"${SRCROOT}/Pods/Target Support Files/Pods-Smack/Pods-Smack-frameworks.sh",
				"${BUILT_PRODUCTS_DIR}/Alamofire/Alamofire.framework",
				"${BUILT_PRODUCTS_DIR}/Socket.IO-Client-Swift/SocketIO.framework",
				"${BUILT_PRODUCTS_DIR}/Starscream/Starscream.framework",
				"${BUILT_PRODUCTS_DIR}/SwiftyJSON/SwiftyJSON.framework",
			);
			name = "[CP] Embed Pods Frameworks";
			outputPaths = (
				"${TARGET_BUILD_DIR}/${FRAMEWORKS_FOLDER_PATH}/Alamofire.framework",
				"${TARGET_BUILD_DIR}/${FRAMEWORKS_FOLDER_PATH}/SocketIO.framework",
				"${TARGET_BUILD_DIR}/${FRAMEWORKS_FOLDER_PATH}/Starscream.framework",
				"${TARGET_BUILD_DIR}/${FRAMEWORKS_FOLDER_PATH}/SwiftyJSON.framework",
			);
			runOnlyForDeploymentPostprocessing = 0;
			shellPath = /bin/sh;
			shellScript = "\"${SRCROOT}/Pods/Target Support Files/Pods-Smack/Pods-Smack-frameworks.sh\"\n";
			showEnvVarsInLog = 0;
		};
		7DFD5554653F03A67170300F /* [CP] Check Pods Manifest.lock */ = {
			isa = PBXShellScriptBuildPhase;
			buildActionMask = 2147483647;
			files = (
			);
			inputPaths = (
				"${PODS_PODFILE_DIR_PATH}/Podfile.lock",
				"${PODS_ROOT}/Manifest.lock",
			);
			name = "[CP] Check Pods Manifest.lock";
			outputPaths = (
				"$(DERIVED_FILE_DIR)/Pods-Smack-checkManifestLockResult.txt",
			);
			runOnlyForDeploymentPostprocessing = 0;
			shellPath = /bin/sh;
			shellScript = "diff \"${PODS_PODFILE_DIR_PATH}/Podfile.lock\" \"${PODS_ROOT}/Manifest.lock\" > /dev/null\nif [ $? != 0 ] ; then\n    # print error to STDERR\n    echo \"error: The sandbox is not in sync with the Podfile.lock. Run 'pod install' or update your CocoaPods installation.\" >&2\n    exit 1\nfi\n# This output is used by Xcode 'outputs' to avoid re-running this script phase.\necho \"SUCCESS\" > \"${SCRIPT_OUTPUT_FILE_0}\"\n";
			showEnvVarsInLog = 0;
		};
/* End PBXShellScriptBuildPhase section */

/* Begin PBXSourcesBuildPhase section */
		150EF1A921ED9E990033D4F3 /* Sources */ = {
			isa = PBXSourcesBuildPhase;
			buildActionMask = 2147483647;
			files = (
				150A6B982207CFCA00001355 /* KeyboardBoundView.swift in Sources */,
				1555B35221F64A0900F0636F /* SocketService.swift in Sources */,
				157CCF7E21F4D5330052FA54 /* ProfileVC.swift in Sources */,
				157CCF8621F5428B0052FA54 /* ChannelCell.swift in Sources */,
				150EF1CF21EDA70A0033D4F3 /* ChannelVC.swift in Sources */,
				15AF875221EEF40D00524501 /* AvatarPickerVC.swift in Sources */,
				1529E944220A6E3E001215A6 /* MessageCell.swift in Sources */,
				151BA4DC21EEA49F007CB350 /* RoundedButton.swift in Sources */,
				156A8F112202720F00181E30 /* Message.swift in Sources */,
				157CCF8421F534C00052FA54 /* Channel.swift in Sources */,
				15BDF53E21F16F7E004F47FE /* CircleImage.swift in Sources */,
				157CCF8221F534600052FA54 /* MessageService.swift in Sources */,
				150EF1CD21EDA6F60033D4F3 /* ChatVC.swift in Sources */,
				15AF875021EEDDDD00524501 /* UserDataService.swift in Sources */,
				151BA4D621EE80E9007CB350 /* CreateAccountVC.swift in Sources */,
				151BA4DA21EE9A5B007CB350 /* AuthService.swift in Sources */,
				151BA4D421EE77BC007CB350 /* LoginVC.swift in Sources */,
				1555B34F21F62A4F00F0636F /* AddChannelVC.swift in Sources */,
				151BA4CF21EE3940007CB350 /* GradientView.swift in Sources */,
				15AF875421EEF87600524501 /* AvatarCell.swift in Sources */,
				150EF1B121ED9E990033D4F3 /* AppDelegate.swift in Sources */,
				150EF1C521EDA23F0033D4F3 /* SWRevealViewController.m in Sources */,
				151BA4D221EE6F0C007CB350 /* Constants.swift in Sources */,
			);
			runOnlyForDeploymentPostprocessing = 0;
		};
/* End PBXSourcesBuildPhase section */

/* Begin PBXVariantGroup section */
		150EF1B421ED9E990033D4F3 /* Main.storyboard */ = {
			isa = PBXVariantGroup;
			children = (
				150EF1B521ED9E990033D4F3 /* Base */,
			);
			name = Main.storyboard;
			sourceTree = "<group>";
		};
		150EF1B921ED9E990033D4F3 /* LaunchScreen.storyboard */ = {
			isa = PBXVariantGroup;
			children = (
				150EF1BA21ED9E990033D4F3 /* Base */,
			);
			name = LaunchScreen.storyboard;
			sourceTree = "<group>";
		};
/* End PBXVariantGroup section */

/* Begin XCBuildConfiguration section */
		150EF1BD21ED9E990033D4F3 /* Debug */ = {
			isa = XCBuildConfiguration;
			buildSettings = {
				ALWAYS_SEARCH_USER_PATHS = NO;
				CLANG_ANALYZER_NONNULL = YES;
				CLANG_ANALYZER_NUMBER_OBJECT_CONVERSION = YES_AGGRESSIVE;
				CLANG_CXX_LANGUAGE_STANDARD = "gnu++14";
				CLANG_CXX_LIBRARY = "libc++";
				CLANG_ENABLE_MODULES = YES;
				CLANG_ENABLE_OBJC_ARC = YES;
				CLANG_ENABLE_OBJC_WEAK = YES;
				CLANG_WARN_BLOCK_CAPTURE_AUTORELEASING = YES;
				CLANG_WARN_BOOL_CONVERSION = YES;
				CLANG_WARN_COMMA = YES;
				CLANG_WARN_CONSTANT_CONVERSION = YES;
				CLANG_WARN_DEPRECATED_OBJC_IMPLEMENTATIONS = YES;
				CLANG_WARN_DIRECT_OBJC_ISA_USAGE = YES_ERROR;
				CLANG_WARN_DOCUMENTATION_COMMENTS = YES;
				CLANG_WARN_EMPTY_BODY = YES;
				CLANG_WARN_ENUM_CONVERSION = YES;
				CLANG_WARN_INFINITE_RECURSION = YES;
				CLANG_WARN_INT_CONVERSION = YES;
				CLANG_WARN_NON_LITERAL_NULL_CONVERSION = YES;
				CLANG_WARN_OBJC_IMPLICIT_RETAIN_SELF = YES;
				CLANG_WARN_OBJC_LITERAL_CONVERSION = YES;
				CLANG_WARN_OBJC_ROOT_CLASS = YES_ERROR;
				CLANG_WARN_RANGE_LOOP_ANALYSIS = YES;
				CLANG_WARN_STRICT_PROTOTYPES = YES;
				CLANG_WARN_SUSPICIOUS_MOVE = YES;
				CLANG_WARN_UNGUARDED_AVAILABILITY = YES_AGGRESSIVE;
				CLANG_WARN_UNREACHABLE_CODE = YES;
				CLANG_WARN__DUPLICATE_METHOD_MATCH = YES;
				CODE_SIGN_IDENTITY = "iPhone Developer";
				COPY_PHASE_STRIP = NO;
				DEBUG_INFORMATION_FORMAT = dwarf;
				ENABLE_STRICT_OBJC_MSGSEND = YES;
				ENABLE_TESTABILITY = YES;
				GCC_C_LANGUAGE_STANDARD = gnu11;
				GCC_DYNAMIC_NO_PIC = NO;
				GCC_NO_COMMON_BLOCKS = YES;
				GCC_OPTIMIZATION_LEVEL = 0;
				GCC_PREPROCESSOR_DEFINITIONS = (
					"DEBUG=1",
					"$(inherited)",
				);
				GCC_WARN_64_TO_32_BIT_CONVERSION = YES;
				GCC_WARN_ABOUT_RETURN_TYPE = YES_ERROR;
				GCC_WARN_UNDECLARED_SELECTOR = YES;
				GCC_WARN_UNINITIALIZED_AUTOS = YES_AGGRESSIVE;
				GCC_WARN_UNUSED_FUNCTION = YES;
				GCC_WARN_UNUSED_VARIABLE = YES;
				IPHONEOS_DEPLOYMENT_TARGET = 12.1;
				MTL_ENABLE_DEBUG_INFO = INCLUDE_SOURCE;
				MTL_FAST_MATH = YES;
				ONLY_ACTIVE_ARCH = YES;
				SDKROOT = iphoneos;
				SWIFT_ACTIVE_COMPILATION_CONDITIONS = DEBUG;
				SWIFT_OPTIMIZATION_LEVEL = "-Onone";
			};
			name = Debug;
		};
		150EF1BE21ED9E990033D4F3 /* Release */ = {
			isa = XCBuildConfiguration;
			buildSettings = {
				ALWAYS_SEARCH_USER_PATHS = NO;
				CLANG_ANALYZER_NONNULL = YES;
				CLANG_ANALYZER_NUMBER_OBJECT_CONVERSION = YES_AGGRESSIVE;
				CLANG_CXX_LANGUAGE_STANDARD = "gnu++14";
				CLANG_CXX_LIBRARY = "libc++";
				CLANG_ENABLE_MODULES = YES;
				CLANG_ENABLE_OBJC_ARC = YES;
				CLANG_ENABLE_OBJC_WEAK = YES;
				CLANG_WARN_BLOCK_CAPTURE_AUTORELEASING = YES;
				CLANG_WARN_BOOL_CONVERSION = YES;
				CLANG_WARN_COMMA = YES;
				CLANG_WARN_CONSTANT_CONVERSION = YES;
				CLANG_WARN_DEPRECATED_OBJC_IMPLEMENTATIONS = YES;
				CLANG_WARN_DIRECT_OBJC_ISA_USAGE = YES_ERROR;
				CLANG_WARN_DOCUMENTATION_COMMENTS = YES;
				CLANG_WARN_EMPTY_BODY = YES;
				CLANG_WARN_ENUM_CONVERSION = YES;
				CLANG_WARN_INFINITE_RECURSION = YES;
				CLANG_WARN_INT_CONVERSION = YES;
				CLANG_WARN_NON_LITERAL_NULL_CONVERSION = YES;
				CLANG_WARN_OBJC_IMPLICIT_RETAIN_SELF = YES;
				CLANG_WARN_OBJC_LITERAL_CONVERSION = YES;
				CLANG_WARN_OBJC_ROOT_CLASS = YES_ERROR;
				CLANG_WARN_RANGE_LOOP_ANALYSIS = YES;
				CLANG_WARN_STRICT_PROTOTYPES = YES;
				CLANG_WARN_SUSPICIOUS_MOVE = YES;
				CLANG_WARN_UNGUARDED_AVAILABILITY = YES_AGGRESSIVE;
				CLANG_WARN_UNREACHABLE_CODE = YES;
				CLANG_WARN__DUPLICATE_METHOD_MATCH = YES;
				CODE_SIGN_IDENTITY = "iPhone Developer";
				COPY_PHASE_STRIP = NO;
				DEBUG_INFORMATION_FORMAT = "dwarf-with-dsym";
				ENABLE_NS_ASSERTIONS = NO;
				ENABLE_STRICT_OBJC_MSGSEND = YES;
				GCC_C_LANGUAGE_STANDARD = gnu11;
				GCC_NO_COMMON_BLOCKS = YES;
				GCC_WARN_64_TO_32_BIT_CONVERSION = YES;
				GCC_WARN_ABOUT_RETURN_TYPE = YES_ERROR;
				GCC_WARN_UNDECLARED_SELECTOR = YES;
				GCC_WARN_UNINITIALIZED_AUTOS = YES_AGGRESSIVE;
				GCC_WARN_UNUSED_FUNCTION = YES;
				GCC_WARN_UNUSED_VARIABLE = YES;
				IPHONEOS_DEPLOYMENT_TARGET = 12.1;
				MTL_ENABLE_DEBUG_INFO = NO;
				MTL_FAST_MATH = YES;
				SDKROOT = iphoneos;
				SWIFT_COMPILATION_MODE = wholemodule;
				SWIFT_OPTIMIZATION_LEVEL = "-O";
				VALIDATE_PRODUCT = YES;
			};
			name = Release;
		};
		150EF1C021ED9E990033D4F3 /* Debug */ = {
			isa = XCBuildConfiguration;
			baseConfigurationReference = F0A7B7D14BB45B3EC8BAAA6B /* Pods-Smack.debug.xcconfig */;
			buildSettings = {
				ASSETCATALOG_COMPILER_APPICON_NAME = AppIcon;
				CLANG_ENABLE_MODULES = YES;
				CODE_SIGN_STYLE = Automatic;
				DEVELOPMENT_TEAM = 9UMVJMZB96;
				INFOPLIST_FILE = Smack/Info.plist;
				LD_RUNPATH_SEARCH_PATHS = (
					"$(inherited)",
					"@executable_path/Frameworks",
				);
				PRODUCT_BUNDLE_IDENTIFIER = com.tutorials.Smack;
				PRODUCT_NAME = "$(TARGET_NAME)";
				SWIFT_OBJC_BRIDGING_HEADER = "Smack/Smack-Bridging-Header.h";
				SWIFT_OPTIMIZATION_LEVEL = "-Onone";
				SWIFT_VERSION = 4.2;
				TARGETED_DEVICE_FAMILY = "1,2";
			};
			name = Debug;
		};
		150EF1C121ED9E990033D4F3 /* Release */ = {
			isa = XCBuildConfiguration;
			baseConfigurationReference = C5605B3FA306F89CFF7FC872 /* Pods-Smack.release.xcconfig */;
			buildSettings = {
				ASSETCATALOG_COMPILER_APPICON_NAME = AppIcon;
				CLANG_ENABLE_MODULES = YES;
				CODE_SIGN_STYLE = Automatic;
				DEVELOPMENT_TEAM = 9UMVJMZB96;
				INFOPLIST_FILE = Smack/Info.plist;
				LD_RUNPATH_SEARCH_PATHS = (
					"$(inherited)",
					"@executable_path/Frameworks",
				);
				PRODUCT_BUNDLE_IDENTIFIER = com.tutorials.Smack;
				PRODUCT_NAME = "$(TARGET_NAME)";
				SWIFT_OBJC_BRIDGING_HEADER = "Smack/Smack-Bridging-Header.h";
				SWIFT_VERSION = 4.2;
				TARGETED_DEVICE_FAMILY = "1,2";
			};
			name = Release;
		};
/* End XCBuildConfiguration section */

/* Begin XCConfigurationList section */
		150EF1A821ED9E990033D4F3 /* Build configuration list for PBXProject "Smack" */ = {
			isa = XCConfigurationList;
			buildConfigurations = (
				150EF1BD21ED9E990033D4F3 /* Debug */,
				150EF1BE21ED9E990033D4F3 /* Release */,
			);
			defaultConfigurationIsVisible = 0;
			defaultConfigurationName = Release;
		};
		150EF1BF21ED9E990033D4F3 /* Build configuration list for PBXNativeTarget "Smack" */ = {
			isa = XCConfigurationList;
			buildConfigurations = (
				150EF1C021ED9E990033D4F3 /* Debug */,
				150EF1C121ED9E990033D4F3 /* Release */,
			);
			defaultConfigurationIsVisible = 0;
			defaultConfigurationName = Release;
		};
/* End XCConfigurationList section */
	};
	rootObject = 150EF1A521ED9E990033D4F3 /* Project object */;
}
